{
  "name": "@seaway-cli/core",
  "version": "1.0.0",
  "lockfileVersion": 2,
  "requires": true,
  "packages": {
    "": {
      "name": "@seaway-cli/core",
      "version": "1.0.0",
      "license": "ISC",
      "dependencies": {
        "@seaway-cli/exec": "file:../exec",
        "@seaway-cli/log": "file:../../utils/log",
        "@seaway-cli/utils": "file:../../utils/utils"
      },
      "bin": {
        "seaway-cli": "bin/index.js"
      }
    },
    "../../utils/log": {
      "version": "1.0.0",
      "license": "ISC"
    },
    "../../utils/utils": {
      "name": "@seaway-cli/utils",
      "version": "1.0.0",
      "license": "ISC"
    },
    "../exec": {
      "name": "@seaway-cli/exec",
      "version": "1.0.0",
      "license": "ISC"
    },
    "node_modules/@seaway-cli/exec": {
      "resolved": "../exec",
      "link": true
    },
    "node_modules/@seaway-cli/log": {
      "resolved": "../../utils/log",
      "link": true
    },
    "node_modules/@seaway-cli/utils": {
      "resolved": "../../utils/utils",
      "link": true
    }
  },
  "dependencies": {
    "@seaway-cli/exec": {
      "version": "file:../exec"
    },
    "@seaway-cli/log": {
      "version": "file:../../utils/log"
    },
    "@seaway-cli/utils": {
      "version": "file:../../utils/utils"
    }
  }
}
