{
  "name": "@seaway-cli/exec",
  "version": "1.0.1",
  "lockfileVersion": 2,
  "requires": true,
  "packages": {
    "": {
      "name": "@seaway-cli/exec",
      "version": "1.0.1",
      "license": "ISC",
      "dependencies": {
        "@seaway-cli/log": "file:../../utils/log",
        "@seaway-cli/package": "file:../../models/package"
      }
    },
    "../../models/package": {
      "name": "@seaway-cli/package",
      "version": "1.0.0",
      "license": "ISC",
      "dependencies": {
        "@seaway-cli/utils": "file:../../utils/utils"
      }
    },
    "../../utils/log": {
      "version": "1.0.1",
      "license": "ISC",
      "dependencies": {
        "npmlog": "^7.0.1"
      }
    },
    "node_modules/@seaway-cli/log": {
      "resolved": "../../utils/log",
      "link": true
    },
    "node_modules/@seaway-cli/package": {
      "resolved": "../../models/package",
      "link": true
    }
  },
  "dependencies": {
    "@seaway-cli/log": {
      "version": "file:../../utils/log",
      "requires": {
        "npmlog": "^7.0.1"
      }
    },
    "@seaway-cli/package": {
      "version": "file:../../models/package",
      "requires": {
        "@seaway-cli/utils": "file:../../utils/utils"
      }
    }
  }
}
