{
  "name": "@seaway-cli/package",
  "version": "1.0.0",
  "lockfileVersion": 2,
  "requires": true,
  "packages": {
    "": {
      "name": "@seaway-cli/package",
      "version": "1.0.0",
      "license": "ISC",
      "dependencies": {
        "@seaway-cli/utils": "file:../../utils/utils"
      }
    },
    "../../utils/utils": {
      "version": "1.0.1",
      "license": "ISC"
    },
    "node_modules/@seaway-cli/utils": {
      "resolved": "../../utils/utils",
      "link": true
    }
  },
  "dependencies": {
    "@seaway-cli/utils": {
      "version": "file:../../utils/utils"
    }
  }
}
